<?xml version="1.0" encoding="utf-8"?>
<Project ToolsVersion="4.0" xmlns="http://schemas.microsoft.com/developer/msbuild/2003">
  <ItemGroup>
    <Filter Include="Source Files">
      <UniqueIdentifier>{4FC737F1-C7A5-4376-A066-2A32D752A2FF}</UniqueIdentifier>
      <Extensions>cpp;c;cc;cxx;def;odl;idl;hpj;bat;asm;asmx</Extensions>
    </Filter>
    <Filter Include="Header Files">
      <UniqueIdentifier>{93995380-89BD-4b04-88EB-625FBE52EBFB}</UniqueIdentifier>
      <Extensions>h;hh;hpp;hxx;hm;inl;inc;ipp;xsd</Extensions>
    </Filter>
    <Filter Include="Resource Files">
      <UniqueIdentifier>{67DA6AB6-F800-4c08-8B7A-83BB121AAD01}</UniqueIdentifier>
      <Extensions>rc;ico;cur;bmp;dlg;rc2;rct;bin;rgs;gif;jpg;jpeg;jpe;resx;tiff;tif;png;wav;mfcribbon-ms</Extensions>
    </Filter>
  </ItemGroup>
  <ItemGroup>
    <ClCompile Include="ProblemStructures.cpp">
      <Filter>Source Files</Filter>
    </ClCompile>
    <ClCompile Include="Main.cpp">
      <Filter>Source Files</Filter>
    </ClCompile>
    <ClCompile Include="solutionInstance.cpp">
      <Filter>Source Files</Filter>
    </ClCompile>
    <ClCompile Include="gnuplot-iostream-master\legacy\examples.cc">
      <Filter>Source Files</Filter>
    </ClCompile>
    <ClCompile Include="gnuplot-iostream-master\legacy\examples-blitz.cc">
      <Filter>Source Files</Filter>
    </ClCompile>
    <ClCompile Include="gnuplot-iostream-master\legacy\examples-framework.cc">
      <Filter>Source Files</Filter>
    </ClCompile>
    <ClCompile Include="gnuplot-iostream-master\legacy\examples-interactive.cc">
      <Filter>Source Files</Filter>
    </ClCompile>
    <ClCompile Include="gnuplot-iostream-master\example-data-1d.cc">
      <Filter>Source Files</Filter>
    </ClCompile>
    <ClCompile Include="gnuplot-iostream-master\example-data-2d.cc">
      <Filter>Source Files</Filter>
    </ClCompile>
    <ClCompile Include="gnuplot-iostream-master\example-interactive.cc">
      <Filter>Source Files</Filter>
    </ClCompile>
    <ClCompile Include="gnuplot-iostream-master\example-misc.cc">
      <Filter>Source Files</Filter>
    </ClCompile>
    <ClCompile Include="gnuplot-iostream-master\test-assert-depth.cc">
      <Filter>Source Files</Filter>
    </ClCompile>
    <ClCompile Include="gnuplot-iostream-master\test-assert-depth-colmajor.cc">
      <Filter>Source Files</Filter>
    </ClCompile>
    <ClCompile Include="gnuplot-iostream-master\test-empty.cc">
      <Filter>Source Files</Filter>
    </ClCompile>
    <ClCompile Include="gnuplot-iostream-master\test-noncopyable.cc">
      <Filter>Source Files</Filter>
    </ClCompile>
    <ClCompile Include="gnuplot-iostream-master\test-outputs.cc">
      <Filter>Source Files</Filter>
    </ClCompile>
  </ItemGroup>
  <ItemGroup>
    <ClInclude Include="ProblemStructures.h">
      <Filter>Header Files</Filter>
    </ClInclude>
    <ClInclude Include="solutionInstance.h">
      <Filter>Header Files</Filter>
    </ClInclude>
    <ClInclude Include="gnuplot-iostream-master\gnuplot-iostream.h">
      <Filter>Header Files</Filter>
    </ClInclude>
  </ItemGroup>
  <ItemGroup>
    <None Include="gnuplot-iostream-master\unittest-output-good\ai-Mode1D.bin">
      <Filter>Resource Files</Filter>
    </None>
    <None Include="gnuplot-iostream-master\unittest-output-good\armacol-Mode1D.bin">
      <Filter>Resource Files</Filter>
    </None>
    <None Include="gnuplot-iostream-master\unittest-output-good\armamat-Mode1DUnwrap.bin">
      <Filter>Resource Files</Filter>
    </None>
    <None Include="gnuplot-iostream-master\unittest-output-good\armamat-Mode2D.bin">
      <Filter>Resource Files</Filter>
    </None>
    <None Include="gnuplot-iostream-master\unittest-output-good\bi-Mode1D.bin">
      <Filter>Resource Files</Filter>
    </None>
    <None Include="gnuplot-iostream-master\unittest-output-good\blitz1d,vd-Mode1D.bin">
      <Filter>Resource Files</Filter>
    </None>
    <None Include="gnuplot-iostream-master\unittest-output-good\blitz1d-Mode1D.bin">
      <Filter>Resource Files</Filter>
    </None>
    <None Include="gnuplot-iostream-master\unittest-output-good\blitz2d cols-Mode1DUnwrap.bin">
      <Filter>Resource Files</Filter>
    </None>
    <None Include="gnuplot-iostream-master\unittest-output-good\blitz2d cols-Mode2D.bin">
      <Filter>Resource Files</Filter>
    </None>
    <None Include="gnuplot-iostream-master\unittest-output-good\blitz2d,vd-Mode1D.bin">
      <Filter>Resource Files</Filter>
    </None>
    <None Include="gnuplot-iostream-master\unittest-output-good\blitz2d,vvi-Mode1DUnwrap.bin">
      <Filter>Resource Files</Filter>
    </None>
    <None Include="gnuplot-iostream-master\unittest-output-good\blitz2d,vvi-Mode2D.bin">
      <Filter>Resource Files</Filter>
    </None>
    <None Include="gnuplot-iostream-master\unittest-output-good\blitz2d_tup-Mode1DUnwrap.bin">
      <Filter>Resource Files</Filter>
    </None>
    <None Include="gnuplot-iostream-master\unittest-output-good\blitz2d_tup-Mode2D.bin">
      <Filter>Resource Files</Filter>
    </None>
    <None Include="gnuplot-iostream-master\unittest-output-good\blitz2d-Mode1DUnwrap.bin">
      <Filter>Resource Files</Filter>
    </None>
    <None Include="gnuplot-iostream-master\unittest-output-good\blitz2d-Mode2D.bin">
      <Filter>Resource Files</Filter>
    </None>
    <None Include="gnuplot-iostream-master\unittest-output-good\boost_tie{ai,bi}-Mode1D.bin">
      <Filter>Resource Files</Filter>
    </None>
    <None Include="gnuplot-iostream-master\unittest-output-good\btup{vd,stup{vi,btup{vf},vi},vd}-Mode1D.bin">
      <Filter>Resource Files</Filter>
    </None>
    <None Include="gnuplot-iostream-master\unittest-output-good\pair{&amp;si,&amp;bi}-Mode1D.bin">
      <Filter>Resource Files</Filter>
    </None>
    <None Include="gnuplot-iostream-master\unittest-output-good\pair{ai,bi}-Mode1D.bin">
      <Filter>Resource Files</Filter>
    </None>
    <None Include="gnuplot-iostream-master\unittest-output-good\pair{vf,btup{vd,pair{vi,vi},vf}}-Mode1D.bin">
      <Filter>Resource Files</Filter>
    </None>
    <None Include="gnuplot-iostream-master\unittest-output-good\pair{vf,stup{vd,pair{vi,vi},vf}}-Mode1D.bin">
      <Filter>Resource Files</Filter>
    </None>
    <None Include="gnuplot-iostream-master\unittest-output-good\si-Mode1D.bin">
      <Filter>Resource Files</Filter>
    </None>
    <None Include="gnuplot-iostream-master\unittest-output-good\std_fwd{ai,bi}-Mode1D.bin">
      <Filter>Resource Files</Filter>
    </None>
    <None Include="gnuplot-iostream-master\unittest-output-good\std_tie{ai,bi}-Mode1D.bin">
      <Filter>Resource Files</Filter>
    </None>
    <None Include="gnuplot-iostream-master\unittest-output-good\tie{si,bi}-Mode1D.bin">
      <Filter>Resource Files</Filter>
    </None>
    <None Include="gnuplot-iostream-master\unittest-output-good\v_bt-Mode1D.bin">
      <Filter>Resource Files</Filter>
    </None>
    <None Include="gnuplot-iostream-master\unittest-output-good\v_st-Mode1D.bin">
      <Filter>Resource Files</Filter>
    </None>
    <None Include="gnuplot-iostream-master\unittest-output-good\vd,vi,bi-Mode1D.bin">
      <Filter>Resource Files</Filter>
    </None>
    <None Include="gnuplot-iostream-master\unittest-output-good\vd-Mode1D.bin">
      <Filter>Resource Files</Filter>
    </None>
    <None Include="gnuplot-iostream-master\unittest-output-good\vf-Mode1D.bin">
      <Filter>Resource Files</Filter>
    </None>
    <None Include="gnuplot-iostream-master\unittest-output-good\vi8-Mode1D.bin">
      <Filter>Resource Files</Filter>
    </None>
    <None Include="gnuplot-iostream-master\unittest-output-good\vi16-Mode1D.bin">
      <Filter>Resource Files</Filter>
    </None>
    <None Include="gnuplot-iostream-master\unittest-output-good\vi32-Mode1D.bin">
      <Filter>Resource Files</Filter>
    </None>
    <None Include="gnuplot-iostream-master\unittest-output-good\vu8-Mode1D.bin">
      <Filter>Resource Files</Filter>
    </None>
    <None Include="gnuplot-iostream-master\unittest-output-good\vu16-Mode1D.bin">
      <Filter>Resource Files</Filter>
    </None>
    <None Include="gnuplot-iostream-master\unittest-output-good\vu32-Mode1D.bin">
      <Filter>Resource Files</Filter>
    </None>
    <None Include="gnuplot-iostream-master\unittest-output-good\vvd,vvi,vvvi-Mode1DUnwrap.bin">
      <Filter>Resource Files</Filter>
    </None>
    <None Include="gnuplot-iostream-master\unittest-output-good\vvd,vvi,vvvi-Mode2D.bin">
      <Filter>Resource Files</Filter>
    </None>
    <None Include="gnuplot-iostream-master\unittest-output-good\vvd,vvi-Mode1DUnwrap.bin">
      <Filter>Resource Files</Filter>
    </None>
    <None Include="gnuplot-iostream-master\unittest-output-good\vvd,vvi-Mode2D.bin">
      <Filter>Resource Files</Filter>
    </None>
    <None Include="gnuplot-iostream-master\unittest-output-good\vvd-Mode1DUnwrap.bin">
      <Filter>Resource Files</Filter>
    </None>
    <None Include="gnuplot-iostream-master\unittest-output-good\vvd-Mode2D.bin">
      <Filter>Resource Files</Filter>
    </None>
    <None Include="gnuplot-iostream-master\unittest-output-good\vvvi cols-Mode2D.bin">
      <Filter>Resource Files</Filter>
    </None>
    <None Include="gnuplot-iostream-master\unittest-output-good\vvvi cols-Mode2DUnwrap.bin">
      <Filter>Resource Files</Filter>
    </None>
    <None Include="gnuplot-iostream-master\unittest-output-good\vvvp-Mode2D.bin">
      <Filter>Resource Files</Filter>
    </None>
    <None Include="gnuplot-iostream-master\unittest-output-good\vvvp-Mode2DUnwrap.bin">
      <Filter>Resource Files</Filter>
    </None>
  </ItemGroup>
</Project>